
Microsoft Visual Studio Solution File, Format Version 12.00
# Visual Studio Version 17
VisualStudioVersion = 17.9.34723.18
MinimumVisualStudioVersion = 10.0.40219.1
Project("{9A19103F-16F7-4668-BE54-9A1E7A4F7556}") = "MultiThread", "MultiThread.csproj", "{BDD60573-9480-4844-A3E1-762F16E1249D}"
EndProject
Global
	GlobalSection(SolutionConfigurationPlatforms) = preSolution
		Debug|Any CPU = Debug|Any CPU
		Release|Any CPU = Release|Any CPU
	EndGlobalSection
	GlobalSection(ProjectConfigurationPlatforms) = postSolution
		{BDD60573-9480-4844-A3E1-762F16E1249D}.Debug|Any CPU.ActiveCfg = Debug|Any CPU
		{BDD60573-9480-4844-A3E1-762F16E1249D}.Debug|Any CPU.Build.0 = Debug|Any CPU
		{BDD60573-9480-4844-A3E1-762F16E1249D}.Release|Any CPU.ActiveCfg = Release|Any CPU
		{BDD60573-9480-4844-A3E1-762F16E1249D}.Release|Any CPU.Build.0 = Release|Any CPU
	EndGlobalSection
	GlobalSection(SolutionProperties) = preSolution
		HideSolutionNode = FALSE
	EndGlobalSection
	GlobalSection(ExtensibilityGlobals) = postSolution
		SolutionGuid = {EF70A334-4F71-4037-83C1-DB7441AF7092}
	EndGlobalSection
EndGlobal
